
Microsoft Visual Studio Solution File, Format Version 12.00
Project("{FAE04EC0-301F-11D3-BF4B-00C04F79EFBC}") = "CS2-CustomVotes", "CS2-CustomVotes\CS2-CustomVotes.csproj", "{D7805B32-A457-4DFE-A955-920F4A39F506}"
EndProject
Project("{FAE04EC0-301F-11D3-BF4B-00C04F79EFBC}") = "CS2-CustomVotes.Shared", "CS2-CustomVotes.Shared\CS2-CustomVotes.Shared.csproj", "{31457B2B-09A2-48F9-98EA-F30F22732BC6}"
EndProject
Global
	GlobalSection(SolutionConfigurationPlatforms) = preSolution
		Debug|Any CPU = Debug|Any CPU
		Release|Any CPU = Release|Any CPU
	EndGlobalSection
	GlobalSection(ProjectConfigurationPlatforms) = postSolution
		{D7805B32-A457-4DFE-A955-920F4A39F506}.Debug|Any CPU.ActiveCfg = Debug|Any CPU
		{D7805B32-A457-4DFE-A955-920F4A39F506}.Debug|Any CPU.Build.0 = Debug|Any CPU
		{D7805B32-A457-4DFE-A955-920F4A39F506}.Release|Any CPU.ActiveCfg = Release|Any CPU
		{D7805B32-A457-4DFE-A955-920F4A39F506}.Release|Any CPU.Build.0 = Release|Any CPU
		{31457B2B-09A2-48F9-98EA-F30F22732BC6}.Debug|Any CPU.ActiveCfg = Debug|Any CPU
		{31457B2B-09A2-48F9-98EA-F30F22732BC6}.Debug|Any CPU.Build.0 = Debug|Any CPU
		{31457B2B-09A2-48F9-98EA-F30F22732BC6}.Release|Any CPU.ActiveCfg = Release|Any CPU
		{31457B2B-09A2-48F9-98EA-F30F22732BC6}.Release|Any CPU.Build.0 = Release|Any CPU
	EndGlobalSection
EndGlobal
